// !$*UTF8*$!
{
	archiveVersion = 1;
	classes = {
	};
	objectVersion = 56;
	objects = {

/* Begin PBXBuildFile section */
		7F2EDE752ADEF06300A153E7 /* AppDelegate.swift in Sources */ = {isa = PBXBuildFile; fileRef = 7F2EDE742ADEF06300A153E7 /* AppDelegate.swift */; };
		7F2EDE772ADEF06300A153E7 /* SceneDelegate.swift in Sources */ = {isa = PBXBuildFile; fileRef = 7F2EDE762ADEF06300A153E7 /* SceneDelegate.swift */; };
		7F2EDE7C2ADEF06300A153E7 /* Main.storyboard in Resources */ = {isa = PBXBuildFile; fileRef = 7F2EDE7A2ADEF06300A153E7 /* Main.storyboard */; };
		7F2EDE7F2ADEF06300A153E7 /* CoreDataRelationShipTutorial.xcdatamodeld in Sources */ = {isa = PBXBuildFile; fileRef = 7F2EDE7D2ADEF06300A153E7 /* CoreDataRelationShipTutorial.xcdatamodeld */; };
		7F2EDE812ADEF06400A153E7 /* Assets.xcassets in Resources */ = {isa = PBXBuildFile; fileRef = 7F2EDE802ADEF06400A153E7 /* Assets.xcassets */; };
		7F2EDE842ADEF06400A153E7 /* LaunchScreen.storyboard in Resources */ = {isa = PBXBuildFile; fileRef = 7F2EDE822ADEF06400A153E7 /* LaunchScreen.storyboard */; };
		7F2EDE8C2ADEF0EC00A153E7 /* CollegeFormViewController.swift in Sources */ = {isa = PBXBuildFile; fileRef = 7F2EDE8B2ADEF0EC00A153E7 /* CollegeFormViewController.swift */; };
		7F2EDE8F2ADEF17D00A153E7 /* College+CoreDataClass.swift in Sources */ = {isa = PBXBuildFile; fileRef = 7F2EDE8D2ADEF17D00A153E7 /* College+CoreDataClass.swift */; };
		7F2EDE902ADEF17D00A153E7 /* College+CoreDataProperties.swift in Sources */ = {isa = PBXBuildFile; fileRef = 7F2EDE8E2ADEF17D00A153E7 /* College+CoreDataProperties.swift */; };
		7F2EDE922ADEF39B00A153E7 /* CollegeListViewController.swift in Sources */ = {isa = PBXBuildFile; fileRef = 7F2EDE912ADEF39B00A153E7 /* CollegeListViewController.swift */; };
		7F2EDE962ADEF49B00A153E7 /* DatabaseHelper.swift in Sources */ = {isa = PBXBuildFile; fileRef = 7F2EDE952ADEF49B00A153E7 /* DatabaseHelper.swift */; };
		7F2EDE992ADEFD4900A153E7 /* CollegeTableCell.swift in Sources */ = {isa = PBXBuildFile; fileRef = 7F2EDE982ADEFD4900A153E7 /* CollegeTableCell.swift */; };
		CA65A7232ADFEEE5005C927A /* CollegeDetailTableViewController.swift in Sources */ = {isa = PBXBuildFile; fileRef = CA65A7222ADFEEE5005C927A /* CollegeDetailTableViewController.swift */; };
/* End PBXBuildFile section */

/* Begin PBXFileReference section */
		7F2EDE712ADEF06300A153E7 /* CoreDataRelationShipTutorial.app */ = {isa = PBXFileReference; explicitFileType = wrapper.application; includeInIndex = 0; path = CoreDataRelationShipTutorial.app; sourceTree = BUILT_PRODUCTS_DIR; };
		7F2EDE742ADEF06300A153E7 /* AppDelegate.swift */ = {isa = PBXFileReference; lastKnownFileType = sourcecode.swift; path = AppDelegate.swift; sourceTree = "<group>"; };
		7F2EDE762ADEF06300A153E7 /* SceneDelegate.swift */ = {isa = PBXFileReference; lastKnownFileType = sourcecode.swift; path = SceneDelegate.swift; sourceTree = "<group>"; };
		7F2EDE7B2ADEF06300A153E7 /* Base */ = {isa = PBXFileReference; lastKnownFileType = file.storyboard; name = Base; path = Base.lproj/Main.storyboard; sourceTree = "<group>"; };
		7F2EDE7E2ADEF06300A153E7 /* CoreDataRelationShipTutorial.xcdatamodel */ = {isa = PBXFileReference; lastKnownFileType = wrapper.xcdatamodel; path = CoreDataRelationShipTutorial.xcdatamodel; sourceTree = "<group>"; };
		7F2EDE802ADEF06400A153E7 /* Assets.xcassets */ = {isa = PBXFileReference; lastKnownFileType = folder.assetcatalog; path = Assets.xcassets; sourceTree = "<group>"; };
		7F2EDE832ADEF06400A153E7 /* Base */ = {isa = PBXFileReference; lastKnownFileType = file.storyboard; name = Base; path = Base.lproj/LaunchScreen.storyboard; sourceTree = "<group>"; };
		7F2EDE852ADEF06400A153E7 /* Info.plist */ = {isa = PBXFileReference; lastKnownFileType = text.plist.xml; path = Info.plist; sourceTree = "<group>"; };
		7F2EDE8B2ADEF0EC00A153E7 /* CollegeFormViewController.swift */ = {isa = PBXFileReference; lastKnownFileType = sourcecode.swift; path = CollegeFormViewController.swift; sourceTree = "<group>"; };
		7F2EDE8D2ADEF17D00A153E7 /* College+CoreDataClass.swift */ = {isa = PBXFileReference; lastKnownFileType = sourcecode.swift; path = "College+CoreDataClass.swift"; sourceTree = "<group>"; };
		7F2EDE8E2ADEF17D00A153E7 /* College+CoreDataProperties.swift */ = {isa = PBXFileReference; lastKnownFileType = sourcecode.swift; path = "College+CoreDataProperties.swift"; sourceTree = "<group>"; };
		7F2EDE912ADEF39B00A153E7 /* CollegeListViewController.swift */ = {isa = PBXFileReference; lastKnownFileType = sourcecode.swift; path = CollegeListViewController.swift; sourceTree = "<group>"; };
		7F2EDE952ADEF49B00A153E7 /* DatabaseHelper.swift */ = {isa = PBXFileReference; lastKnownFileType = sourcecode.swift; path = DatabaseHelper.swift; sourceTree = "<group>"; };
		7F2EDE982ADEFD4900A153E7 /* CollegeTableCell.swift */ = {isa = PBXFileReference; lastKnownFileType = sourcecode.swift; path = CollegeTableCell.swift; sourceTree = "<group>"; };
		CA65A7222ADFEEE5005C927A /* CollegeDetailTableViewController.swift */ = {isa = PBXFileReference; lastKnownFileType = sourcecode.swift; path = CollegeDetailTableViewController.swift; sourceTree = "<group>"; };
/* End PBXFileReference section */

/* Begin PBXFrameworksBuildPhase section */
		7F2EDE6E2ADEF06300A153E7 /* Frameworks */ = {
			isa = PBXFrameworksBuildPhase;
			buildActionMask = 2147483647;
			files = (
			);
			runOnlyForDeploymentPostprocessing = 0;
		};
/* End PBXFrameworksBuildPhase section */

/* Begin PBXGroup section */
		7F2EDE682ADEF06300A153E7 = {
			isa = PBXGroup;
			children = (
				7F2EDE732ADEF06300A153E7 /* CoreDataRelationShipTutorial */,
				7F2EDE722ADEF06300A153E7 /* Products */,
			);
			sourceTree = "<group>";
		};
		7F2EDE722ADEF06300A153E7 /* Products */ = {
			isa = PBXGroup;
			children = (
				7F2EDE712ADEF06300A153E7 /* CoreDataRelationShipTutorial.app */,
			);
			name = Products;
			sourceTree = "<group>";
		};
		7F2EDE732ADEF06300A153E7 /* CoreDataRelationShipTutorial */ = {
			isa = PBXGroup;
			children = (
				7F2EDE9A2ADEFE8400A153E7 /* View */,
				7F2EDE942ADEF48100A153E7 /* DatabaseHelper */,
				7F2EDE932ADEF3BB00A153E7 /* ViewController */,
				7F2EDE972ADEF70D00A153E7 /* College */,
				7F2EDE742ADEF06300A153E7 /* AppDelegate.swift */,
				7F2EDE762ADEF06300A153E7 /* SceneDelegate.swift */,
				7F2EDE7A2ADEF06300A153E7 /* Main.storyboard */,
				7F2EDE802ADEF06400A153E7 /* Assets.xcassets */,
				7F2EDE822ADEF06400A153E7 /* LaunchScreen.storyboard */,
				7F2EDE852ADEF06400A153E7 /* Info.plist */,
				7F2EDE7D2ADEF06300A153E7 /* CoreDataRelationShipTutorial.xcdatamodeld */,
			);
			path = CoreDataRelationShipTutorial;
			sourceTree = "<group>";
		};
		7F2EDE932ADEF3BB00A153E7 /* ViewController */ = {
			isa = PBXGroup;
			children = (
				CA65A7222ADFEEE5005C927A /* CollegeDetailTableViewController.swift */,
				7F2EDE912ADEF39B00A153E7 /* CollegeListViewController.swift */,
				7F2EDE8B2ADEF0EC00A153E7 /* CollegeFormViewController.swift */,
			);
			path = ViewController;
			sourceTree = "<group>";
		};
		7F2EDE942ADEF48100A153E7 /* DatabaseHelper */ = {
			isa = PBXGroup;
			children = (
				7F2EDE952ADEF49B00A153E7 /* DatabaseHelper.swift */,
			);
			path = DatabaseHelper;
			sourceTree = "<group>";
		};
		7F2EDE972ADEF70D00A153E7 /* College */ = {
			isa = PBXGroup;
			children = (
				7F2EDE8D2ADEF17D00A153E7 /* College+CoreDataClass.swift */,
				7F2EDE8E2ADEF17D00A153E7 /* College+CoreDataProperties.swift */,
			);
			path = College;
			sourceTree = "<group>";
		};
		7F2EDE9A2ADEFE8400A153E7 /* View */ = {
			isa = PBXGroup;
			children = (
				7F2EDE9B2ADEFE8D00A153E7 /* CollegeViewCell */,
			);
			path = View;
			sourceTree = "<group>";
		};
		7F2EDE9B2ADEFE8D00A153E7 /* CollegeViewCell */ = {
			isa = PBXGroup;
			children = (
				7F2EDE982ADEFD4900A153E7 /* CollegeTableCell.swift */,
			);
			path = CollegeViewCell;
			sourceTree = "<group>";
		};
/* End PBXGroup section */

/* Begin PBXNativeTarget section */
		7F2EDE702ADEF06300A153E7 /* CoreDataRelationShipTutorial */ = {
			isa = PBXNativeTarget;
			buildConfigurationList = 7F2EDE882ADEF06400A153E7 /* Build configuration list for PBXNativeTarget "CoreDataRelationShipTutorial" */;
			buildPhases = (
				7F2EDE6D2ADEF06300A153E7 /* Sources */,
				7F2EDE6E2ADEF06300A153E7 /* Frameworks */,
				7F2EDE6F2ADEF06300A153E7 /* Resources */,
			);
			buildRules = (
			);
			dependencies = (
			);
			name = CoreDataRelationShipTutorial;
			productName = CoreDataRelationShipTutorial;
			productReference = 7F2EDE712ADEF06300A153E7 /* CoreDataRelationShipTutorial.app */;
			productType = "com.apple.product-type.application";
		};
/* End PBXNativeTarget section */

/* Begin PBXProject section */
		7F2EDE692ADEF06300A153E7 /* Project object */ = {
			isa = PBXProject;
			attributes = {
				BuildIndependentTargetsInParallel = 1;
				LastSwiftUpdateCheck = 1430;
				LastUpgradeCheck = 1430;
				TargetAttributes = {
					7F2EDE702ADEF06300A153E7 = {
						CreatedOnToolsVersion = 14.3.1;
					};
				};
			};
			buildConfigurationList = 7F2EDE6C2ADEF06300A153E7 /* Build configuration list for PBXProject "CoreDataRelationShipTutorial" */;
			compatibilityVersion = "Xcode 14.0";
			developmentRegion = en;
			hasScannedForEncodings = 0;
			knownRegions = (
				en,
				Base,
			);
			mainGroup = 7F2EDE682ADEF06300A153E7;
			productRefGroup = 7F2EDE722ADEF06300A153E7 /* Products */;
			projectDirPath = "";
			projectRoot = "";
			targets = (
				7F2EDE702ADEF06300A153E7 /* CoreDataRelationShipTutorial */,
			);
		};
/* End PBXProject section */

/* Begin PBXResourcesBuildPhase section */
		7F2EDE6F2ADEF06300A153E7 /* Resources */ = {
			isa = PBXResourcesBuildPhase;
			buildActionMask = 2147483647;
			files = (
				7F2EDE842ADEF06400A153E7 /* LaunchScreen.storyboard in Resources */,
				7F2EDE812ADEF06400A153E7 /* Assets.xcassets in Resources */,
				7F2EDE7C2ADEF06300A153E7 /* Main.storyboard in Resources */,
			);
			runOnlyForDeploymentPostprocessing = 0;
		};
/* End PBXResourcesBuildPhase section */

/* Begin PBXSourcesBuildPhase section */
		7F2EDE6D2ADEF06300A153E7 /* Sources */ = {
			isa = PBXSourcesBuildPhase;
			buildActionMask = 2147483647;
			files = (
				7F2EDE922ADEF39B00A153E7 /* CollegeListViewController.swift in Sources */,
				7F2EDE992ADEFD4900A153E7 /* CollegeTableCell.swift in Sources */,
				CA65A7232ADFEEE5005C927A /* CollegeDetailTableViewController.swift in Sources */,
				7F2EDE902ADEF17D00A153E7 /* College+CoreDataProperties.swift in Sources */,
				7F2EDE752ADEF06300A153E7 /* AppDelegate.swift in Sources */,
				7F2EDE7F2ADEF06300A153E7 /* CoreDataRelationShipTutorial.xcdatamodeld in Sources */,
				7F2EDE962ADEF49B00A153E7 /* DatabaseHelper.swift in Sources */,
				7F2EDE8F2ADEF17D00A153E7 /* College+CoreDataClass.swift in Sources */,
				7F2EDE772ADEF06300A153E7 /* SceneDelegate.swift in Sources */,
				7F2EDE8C2ADEF0EC00A153E7 /* CollegeFormViewController.swift in Sources */,
			);
			runOnlyForDeploymentPostprocessing = 0;
		};
/* End PBXSourcesBuildPhase section */

/* Begin PBXVariantGroup section */
		7F2EDE7A2ADEF06300A153E7 /* Main.storyboard */ = {
			isa = PBXVariantGroup;
			children = (
				7F2EDE7B2ADEF06300A153E7 /* Base */,
			);
			name = Main.storyboard;
			sourceTree = "<group>";
		};
		7F2EDE822ADEF06400A153E7 /* LaunchScreen.storyboard */ = {
			isa = PBXVariantGroup;
			children = (
				7F2EDE832ADEF06400A153E7 /* Base */,
			);
			name = LaunchScreen.storyboard;
			sourceTree = "<group>";
		};
/* End PBXVariantGroup section */

/* Begin XCBuildConfiguration section */
		7F2EDE862ADEF06400A153E7 /* Debug */ = {
			isa = XCBuildConfiguration;
			buildSettings = {
				ALWAYS_SEARCH_USER_PATHS = NO;
				CLANG_ANALYZER_NONNULL = YES;
				CLANG_ANALYZER_NUMBER_OBJECT_CONVERSION = YES_AGGRESSIVE;
				CLANG_CXX_LANGUAGE_STANDARD = "gnu++20";
				CLANG_ENABLE_MODULES = YES;
				CLANG_ENABLE_OBJC_ARC = YES;
				CLANG_ENABLE_OBJC_WEAK = YES;
				CLANG_WARN_BLOCK_CAPTURE_AUTORELEASING = YES;
				CLANG_WARN_BOOL_CONVERSION = YES;
				CLANG_WARN_COMMA = YES;
				CLANG_WARN_CONSTANT_CONVERSION = YES;
				CLANG_WARN_DEPRECATED_OBJC_IMPLEMENTATIONS = YES;
				CLANG_WARN_DIRECT_OBJC_ISA_USAGE = YES_ERROR;
				CLANG_WARN_DOCUMENTATION_COMMENTS = YES;
				CLANG_WARN_EMPTY_BODY = YES;
				CLANG_WARN_ENUM_CONVERSION = YES;
				CLANG_WARN_INFINITE_RECURSION = YES;
				CLANG_WARN_INT_CONVERSION = YES;
				CLANG_WARN_NON_LITERAL_NULL_CONVERSION = YES;
				CLANG_WARN_OBJC_IMPLICIT_RETAIN_SELF = YES;
				CLANG_WARN_OBJC_LITERAL_CONVERSION = YES;
				CLANG_WARN_OBJC_ROOT_CLASS = YES_ERROR;
				CLANG_WARN_QUOTED_INCLUDE_IN_FRAMEWORK_HEADER = YES;
				CLANG_WARN_RANGE_LOOP_ANALYSIS = YES;
				CLANG_WARN_STRICT_PROTOTYPES = YES;
				CLANG_WARN_SUSPICIOUS_MOVE = YES;
				CLANG_WARN_UNGUARDED_AVAILABILITY = YES_AGGRESSIVE;
				CLANG_WARN_UNREACHABLE_CODE = YES;
				CLANG_WARN__DUPLICATE_METHOD_MATCH = YES;
				COPY_PHASE_STRIP = NO;
				DEBUG_INFORMATION_FORMAT = dwarf;
				ENABLE_STRICT_OBJC_MSGSEND = YES;
				ENABLE_TESTABILITY = YES;
				GCC_C_LANGUAGE_STANDARD = gnu11;
				GCC_DYNAMIC_NO_PIC = NO;
				GCC_NO_COMMON_BLOCKS = YES;
				GCC_OPTIMIZATION_LEVEL = 0;
				GCC_PREPROCESSOR_DEFINITIONS = (
					"DEBUG=1",
					"$(inherited)",
				);
				GCC_WARN_64_TO_32_BIT_CONVERSION = YES;
				GCC_WARN_ABOUT_RETURN_TYPE = YES_ERROR;
				GCC_WARN_UNDECLARED_SELECTOR = YES;
				GCC_WARN_UNINITIALIZED_AUTOS = YES_AGGRESSIVE;
				GCC_WARN_UNUSED_FUNCTION = YES;
				GCC_WARN_UNUSED_VARIABLE = YES;
				IPHONEOS_DEPLOYMENT_TARGET = 16.4;
				MTL_ENABLE_DEBUG_INFO = INCLUDE_SOURCE;
				MTL_FAST_MATH = YES;
				ONLY_ACTIVE_ARCH = YES;
				SDKROOT = iphoneos;
				SWIFT_ACTIVE_COMPILATION_CONDITIONS = DEBUG;
				SWIFT_OPTIMIZATION_LEVEL = "-Onone";
			};
			name = Debug;
		};
		7F2EDE872ADEF06400A153E7 /* Release */ = {
			isa = XCBuildConfiguration;
			buildSettings = {
				ALWAYS_SEARCH_USER_PATHS = NO;
				CLANG_ANALYZER_NONNULL = YES;
				CLANG_ANALYZER_NUMBER_OBJECT_CONVERSION = YES_AGGRESSIVE;
				CLANG_CXX_LANGUAGE_STANDARD = "gnu++20";
				CLANG_ENABLE_MODULES = YES;
				CLANG_ENABLE_OBJC_ARC = YES;
				CLANG_ENABLE_OBJC_WEAK = YES;
				CLANG_WARN_BLOCK_CAPTURE_AUTORELEASING = YES;
				CLANG_WARN_BOOL_CONVERSION = YES;
				CLANG_WARN_COMMA = YES;
				CLANG_WARN_CONSTANT_CONVERSION = YES;
				CLANG_WARN_DEPRECATED_OBJC_IMPLEMENTATIONS = YES;
				CLANG_WARN_DIRECT_OBJC_ISA_USAGE = YES_ERROR;
				CLANG_WARN_DOCUMENTATION_COMMENTS = YES;
				CLANG_WARN_EMPTY_BODY = YES;
				CLANG_WARN_ENUM_CONVERSION = YES;
				CLANG_WARN_INFINITE_RECURSION = YES;
				CLANG_WARN_INT_CONVERSION = YES;
				CLANG_WARN_NON_LITERAL_NULL_CONVERSION = YES;
				CLANG_WARN_OBJC_IMPLICIT_RETAIN_SELF = YES;
				CLANG_WARN_OBJC_LITERAL_CONVERSION = YES;
				CLANG_WARN_OBJC_ROOT_CLASS = YES_ERROR;
				CLANG_WARN_QUOTED_INCLUDE_IN_FRAMEWORK_HEADER = YES;
				CLANG_WARN_RANGE_LOOP_ANALYSIS = YES;
				CLANG_WARN_STRICT_PROTOTYPES = YES;
				CLANG_WARN_SUSPICIOUS_MOVE = YES;
				CLANG_WARN_UNGUARDED_AVAILABILITY = YES_AGGRESSIVE;
				CLANG_WARN_UNREACHABLE_CODE = YES;
				CLANG_WARN__DUPLICATE_METHOD_MATCH = YES;
				COPY_PHASE_STRIP = NO;
				DEBUG_INFORMATION_FORMAT = "dwarf-with-dsym";
				ENABLE_NS_ASSERTIONS = NO;
				ENABLE_STRICT_OBJC_MSGSEND = YES;
				GCC_C_LANGUAGE_STANDARD = gnu11;
				GCC_NO_COMMON_BLOCKS = YES;
				GCC_WARN_64_TO_32_BIT_CONVERSION = YES;
				GCC_WARN_ABOUT_RETURN_TYPE = YES_ERROR;
				GCC_WARN_UNDECLARED_SELECTOR = YES;
				GCC_WARN_UNINITIALIZED_AUTOS = YES_AGGRESSIVE;
				GCC_WARN_UNUSED_FUNCTION = YES;
				GCC_WARN_UNUSED_VARIABLE = YES;
				IPHONEOS_DEPLOYMENT_TARGET = 16.4;
				MTL_ENABLE_DEBUG_INFO = NO;
				MTL_FAST_MATH = YES;
				SDKROOT = iphoneos;
				SWIFT_COMPILATION_MODE = wholemodule;
				SWIFT_OPTIMIZATION_LEVEL = "-O";
				VALIDATE_PRODUCT = YES;
			};
			name = Release;
		};
		7F2EDE892ADEF06400A153E7 /* Debug */ = {
			isa = XCBuildConfiguration;
			buildSettings = {
				ASSETCATALOG_COMPILER_APPICON_NAME = AppIcon;
				ASSETCATALOG_COMPILER_GLOBAL_ACCENT_COLOR_NAME = AccentColor;
				CODE_SIGN_STYLE = Automatic;
				CURRENT_PROJECT_VERSION = 1;
				GENERATE_INFOPLIST_FILE = YES;
				INFOPLIST_FILE = CoreDataRelationShipTutorial/Info.plist;
				INFOPLIST_KEY_UIApplicationSupportsIndirectInputEvents = YES;
				INFOPLIST_KEY_UILaunchStoryboardName = LaunchScreen;
				INFOPLIST_KEY_UIMainStoryboardFile = Main;
				INFOPLIST_KEY_UISupportedInterfaceOrientations_iPad = "UIInterfaceOrientationPortrait UIInterfaceOrientationPortraitUpsideDown UIInterfaceOrientationLandscapeLeft UIInterfaceOrientationLandscapeRight";
				INFOPLIST_KEY_UISupportedInterfaceOrientations_iPhone = "UIInterfaceOrientationPortrait UIInterfaceOrientationLandscapeLeft UIInterfaceOrientationLandscapeRight";
				IPHONEOS_DEPLOYMENT_TARGET = 15.0;
				LD_RUNPATH_SEARCH_PATHS = (
					"$(inherited)",
					"@executable_path/Frameworks",
				);
				MARKETING_VERSION = 1.0;
				PRODUCT_BUNDLE_IDENTIFIER = ww.CoreDataRelationShipTutorial;
				PRODUCT_NAME = "$(TARGET_NAME)";
				SWIFT_EMIT_LOC_STRINGS = YES;
				SWIFT_VERSION = 5.0;
				TARGETED_DEVICE_FAMILY = "1,2";
			};
			name = Debug;
		};
		7F2EDE8A2ADEF06400A153E7 /* Release */ = {
			isa = XCBuildConfiguration;
			buildSettings = {
				ASSETCATALOG_COMPILER_APPICON_NAME = AppIcon;
				ASSETCATALOG_COMPILER_GLOBAL_ACCENT_COLOR_NAME = AccentColor;
				CODE_SIGN_STYLE = Automatic;
				CURRENT_PROJECT_VERSION = 1;
				GENERATE_INFOPLIST_FILE = YES;
				INFOPLIST_FILE = CoreDataRelationShipTutorial/Info.plist;
				INFOPLIST_KEY_UIApplicationSupportsIndirectInputEvents = YES;
				INFOPLIST_KEY_UILaunchStoryboardName = LaunchScreen;
				INFOPLIST_KEY_UIMainStoryboardFile = Main;
				INFOPLIST_KEY_UISupportedInterfaceOrientations_iPad = "UIInterfaceOrientationPortrait UIInterfaceOrientationPortraitUpsideDown UIInterfaceOrientationLandscapeLeft UIInterfaceOrientationLandscapeRight";
				INFOPLIST_KEY_UISupportedInterfaceOrientations_iPhone = "UIInterfaceOrientationPortrait UIInterfaceOrientationLandscapeLeft UIInterfaceOrientationLandscapeRight";
				IPHONEOS_DEPLOYMENT_TARGET = 15.0;
				LD_RUNPATH_SEARCH_PATHS = (
					"$(inherited)",
					"@executable_path/Frameworks",
				);
				MARKETING_VERSION = 1.0;
				PRODUCT_BUNDLE_IDENTIFIER = ww.CoreDataRelationShipTutorial;
				PRODUCT_NAME = "$(TARGET_NAME)";
				SWIFT_EMIT_LOC_STRINGS = YES;
				SWIFT_VERSION = 5.0;
				TARGETED_DEVICE_FAMILY = "1,2";
			};
			name = Release;
		};
/* End XCBuildConfiguration section */

/* Begin XCConfigurationList section */
		7F2EDE6C2ADEF06300A153E7 /* Build configuration list for PBXProject "CoreDataRelationShipTutorial" */ = {
			isa = XCConfigurationList;
			buildConfigurations = (
				7F2EDE862ADEF06400A153E7 /* Debug */,
				7F2EDE872ADEF06400A153E7 /* Release */,
			);
			defaultConfigurationIsVisible = 0;
			defaultConfigurationName = Release;
		};
		7F2EDE882ADEF06400A153E7 /* Build configuration list for PBXNativeTarget "CoreDataRelationShipTutorial" */ = {
			isa = XCConfigurationList;
			buildConfigurations = (
				7F2EDE892ADEF06400A153E7 /* Debug */,
				7F2EDE8A2ADEF06400A153E7 /* Release */,
			);
			defaultConfigurationIsVisible = 0;
			defaultConfigurationName = Release;
		};
/* End XCConfigurationList section */

/* Begin XCVersionGroup section */
		7F2EDE7D2ADEF06300A153E7 /* CoreDataRelationShipTutorial.xcdatamodeld */ = {
			isa = XCVersionGroup;
			children = (
				7F2EDE7E2ADEF06300A153E7 /* CoreDataRelationShipTutorial.xcdatamodel */,
			);
			currentVersion = 7F2EDE7E2ADEF06300A153E7 /* CoreDataRelationShipTutorial.xcdatamodel */;
			path = CoreDataRelationShipTutorial.xcdatamodeld;
			sourceTree = "<group>";
			versionGroupType = wrapper.xcdatamodel;
		};
/* End XCVersionGroup section */
	};
	rootObject = 7F2EDE692ADEF06300A153E7 /* Project object */;
}
